# This file is automatically @generated by Wally.
# It is not intended for manual editing.
registry = "test"

[[package]]
name = "roblox/roact"
version = "1.4.4"
dependencies = []

[[package]]
name = "tcagm-dev/util"
version = "0.1.2"
dependencies = []

[[package]]
name = "thoma/synthesis"
version = "0.1.0"
dependencies = [["Roact", "roblox/roact@1.4.4"], ["Util", "tcagm-dev/util@0.1.2"]]
